
Microsoft Visual Studio Solution File, Format Version 12.00
Project("{FAE04EC0-301F-11D3-BF4B-00C04F79EFBC}") = "TMPEffects.AutoParameters.Attributes", "TMPEffects.AutoParameters.Attributes\TMPEffects.AutoParameters.Attributes.csproj", "{75208E08-AE84-4EA9-8E7B-C6DB452B4A5E}"
EndProject
Project("{FAE04EC0-301F-11D3-BF4B-00C04F79EFBC}") = "TMPEffects.AutoParameters.Analyzers", "TMPEffects.AutoParameters.Analyzers\TMPEffects.AutoParameters.Analyzers.csproj", "{45A09A4B-E5CD-43D5-B280-8169671AE5D0}"
EndProject
Project("{FAE04EC0-301F-11D3-BF4B-00C04F79EFBC}") = "TestingGenerator", "TestingGenerator\TestingGenerator.csproj", "{B541C837-B7D8-4B77-BE4F-F164F7A9ABE3}"
EndProject
Global
	GlobalSection(SolutionConfigurationPlatforms) = preSolution
		Debug|Any CPU = Debug|Any CPU
		Release|Any CPU = Release|Any CPU
	EndGlobalSection
	GlobalSection(ProjectConfigurationPlatforms) = postSolution
		{75208E08-AE84-4EA9-8E7B-C6DB452B4A5E}.Debug|Any CPU.ActiveCfg = Debug|Any CPU
		{75208E08-AE84-4EA9-8E7B-C6DB452B4A5E}.Debug|Any CPU.Build.0 = Debug|Any CPU
		{75208E08-AE84-4EA9-8E7B-C6DB452B4A5E}.Release|Any CPU.ActiveCfg = Release|Any CPU
		{75208E08-AE84-4EA9-8E7B-C6DB452B4A5E}.Release|Any CPU.Build.0 = Release|Any CPU
		{45A09A4B-E5CD-43D5-B280-8169671AE5D0}.Debug|Any CPU.ActiveCfg = Debug|Any CPU
		{45A09A4B-E5CD-43D5-B280-8169671AE5D0}.Debug|Any CPU.Build.0 = Debug|Any CPU
		{45A09A4B-E5CD-43D5-B280-8169671AE5D0}.Release|Any CPU.ActiveCfg = Release|Any CPU
		{45A09A4B-E5CD-43D5-B280-8169671AE5D0}.Release|Any CPU.Build.0 = Release|Any CPU
		{B541C837-B7D8-4B77-BE4F-F164F7A9ABE3}.Debug|Any CPU.ActiveCfg = Debug|Any CPU
		{B541C837-B7D8-4B77-BE4F-F164F7A9ABE3}.Debug|Any CPU.Build.0 = Debug|Any CPU
		{B541C837-B7D8-4B77-BE4F-F164F7A9ABE3}.Release|Any CPU.ActiveCfg = Release|Any CPU
		{B541C837-B7D8-4B77-BE4F-F164F7A9ABE3}.Release|Any CPU.Build.0 = Release|Any CPU
	EndGlobalSection
EndGlobal
