
Microsoft Visual Studio Solution File, Format Version 12.00
Project("{FAE04EC0-301F-11D3-BF4B-00C04F79EFBC}") = "TMPEffects.StringLibrary", "TMPEffects.StringLibrary\TMPEffects.StringLibrary.csproj", "{641DF1AA-BB94-4182-B53B-774DA22ECCAA}"
EndProject
Project("{FAE04EC0-301F-11D3-BF4B-00C04F79EFBC}") = "TMPEffects.AutoParameters", "TMPEffects.AutoParameters\TMPEffects.AutoParameters.csproj", "{635BBC5D-5FD7-4E85-A86E-9F3F247FD257}"
EndProject
Project("{FAE04EC0-301F-11D3-BF4B-00C04F79EFBC}") = "TMPEffects.AutoParameters.Attributes", "TMPEffects.AutoParameters.Attributes\TMPEffects.AutoParameters.Attributes.csproj", "{6251DD09-1EB5-494E-9096-21DA1BB2AD8B}"
EndProject
Project("{FAE04EC0-301F-11D3-BF4B-00C04F79EFBC}") = "TMPEffects.ParameterUtilityGenerator", "TMPEffects.ParameterUtilityGenerator\TMPEffects.ParameterUtilityGenerator.csproj", "{507272EA-E388-4392-AD9C-D7C256B63A9A}"
EndProject
Project("{FAE04EC0-301F-11D3-BF4B-00C04F79EFBC}") = "TMPEffects.ParameterUtilityGenerator.Attributes", "TMPEffects.ParameterUtilityGenerator.Attributes\TMPEffects.ParameterUtilityGenerator.Attributes.csproj", "{106F8B49-B0BA-4390-9836-3158E719F92F}"
EndProject
Global
	GlobalSection(SolutionConfigurationPlatforms) = preSolution
		Debug|Any CPU = Debug|Any CPU
		Release|Any CPU = Release|Any CPU
	EndGlobalSection
	GlobalSection(ProjectConfigurationPlatforms) = postSolution
		{641DF1AA-BB94-4182-B53B-774DA22ECCAA}.Debug|Any CPU.ActiveCfg = Debug|Any CPU
		{641DF1AA-BB94-4182-B53B-774DA22ECCAA}.Debug|Any CPU.Build.0 = Debug|Any CPU
		{641DF1AA-BB94-4182-B53B-774DA22ECCAA}.Release|Any CPU.ActiveCfg = Release|Any CPU
		{641DF1AA-BB94-4182-B53B-774DA22ECCAA}.Release|Any CPU.Build.0 = Release|Any CPU
		{635BBC5D-5FD7-4E85-A86E-9F3F247FD257}.Debug|Any CPU.ActiveCfg = Debug|Any CPU
		{635BBC5D-5FD7-4E85-A86E-9F3F247FD257}.Debug|Any CPU.Build.0 = Debug|Any CPU
		{635BBC5D-5FD7-4E85-A86E-9F3F247FD257}.Release|Any CPU.ActiveCfg = Release|Any CPU
		{635BBC5D-5FD7-4E85-A86E-9F3F247FD257}.Release|Any CPU.Build.0 = Release|Any CPU
		{6251DD09-1EB5-494E-9096-21DA1BB2AD8B}.Debug|Any CPU.ActiveCfg = Debug|Any CPU
		{6251DD09-1EB5-494E-9096-21DA1BB2AD8B}.Debug|Any CPU.Build.0 = Debug|Any CPU
		{6251DD09-1EB5-494E-9096-21DA1BB2AD8B}.Release|Any CPU.ActiveCfg = Release|Any CPU
		{6251DD09-1EB5-494E-9096-21DA1BB2AD8B}.Release|Any CPU.Build.0 = Release|Any CPU
		{507272EA-E388-4392-AD9C-D7C256B63A9A}.Debug|Any CPU.ActiveCfg = Debug|Any CPU
		{507272EA-E388-4392-AD9C-D7C256B63A9A}.Debug|Any CPU.Build.0 = Debug|Any CPU
		{507272EA-E388-4392-AD9C-D7C256B63A9A}.Release|Any CPU.ActiveCfg = Release|Any CPU
		{507272EA-E388-4392-AD9C-D7C256B63A9A}.Release|Any CPU.Build.0 = Release|Any CPU
		{106F8B49-B0BA-4390-9836-3158E719F92F}.Debug|Any CPU.ActiveCfg = Debug|Any CPU
		{106F8B49-B0BA-4390-9836-3158E719F92F}.Debug|Any CPU.Build.0 = Debug|Any CPU
		{106F8B49-B0BA-4390-9836-3158E719F92F}.Release|Any CPU.ActiveCfg = Release|Any CPU
		{106F8B49-B0BA-4390-9836-3158E719F92F}.Release|Any CPU.Build.0 = Release|Any CPU
	EndGlobalSection
EndGlobal
